// !$*UTF8*$!
{
	archiveVersion = 1;
	classes = {
	};
	objectVersion = 55;
	objects = {

/* Begin PBXBuildFile section */
		2052A6C527CD65410060ECFB /* AppDelegate.swift in Sources */ = {isa = PBXBuildFile; fileRef = 2052A6C427CD65410060ECFB /* AppDelegate.swift */; };
		2052A6C727CD65410060ECFB /* SceneDelegate.swift in Sources */ = {isa = PBXBuildFile; fileRef = 2052A6C627CD65410060ECFB /* SceneDelegate.swift */; };
		2052A6C927CD65410060ECFB /* HomeViewController.swift in Sources */ = {isa = PBXBuildFile; fileRef = 2052A6C827CD65410060ECFB /* HomeViewController.swift */; };
		2052A6CE27CD65420060ECFB /* Assets.xcassets in Resources */ = {isa = PBXBuildFile; fileRef = 2052A6CD27CD65420060ECFB /* Assets.xcassets */; };
		2052A6D127CD65420060ECFB /* LaunchScreen.storyboard in Resources */ = {isa = PBXBuildFile; fileRef = 2052A6CF27CD65420060ECFB /* LaunchScreen.storyboard */; };
		2052A6DC27CD65420060ECFB /* JogoDaVelhaTests.swift in Sources */ = {isa = PBXBuildFile; fileRef = 2052A6DB27CD65420060ECFB /* JogoDaVelhaTests.swift */; };
		2052A6E627CD65420060ECFB /* JogoDaVelhaUITests.swift in Sources */ = {isa = PBXBuildFile; fileRef = 2052A6E527CD65420060ECFB /* JogoDaVelhaUITests.swift */; };
		2052A6E827CD65420060ECFB /* JogoDaVelhaUITestsLaunchTests.swift in Sources */ = {isa = PBXBuildFile; fileRef = 2052A6E727CD65420060ECFB /* JogoDaVelhaUITestsLaunchTests.swift */; };
		2052A6F627CD66FD0060ECFB /* Model.swift in Sources */ = {isa = PBXBuildFile; fileRef = 2052A6F527CD66FD0060ECFB /* Model.swift */; };
		20D062BF27CED0BB008FED02 /* ModelOrientado.swift in Sources */ = {isa = PBXBuildFile; fileRef = 20D062BE27CED0BB008FED02 /* ModelOrientado.swift */; };
/* End PBXBuildFile section */

/* Begin PBXContainerItemProxy section */
		2052A6D827CD65420060ECFB /* PBXContainerItemProxy */ = {
			isa = PBXContainerItemProxy;
			containerPortal = 2052A6B927CD65410060ECFB /* Project object */;
			proxyType = 1;
			remoteGlobalIDString = 2052A6C027CD65410060ECFB;
			remoteInfo = JogoDaVelha;
		};
		2052A6E227CD65420060ECFB /* PBXContainerItemProxy */ = {
			isa = PBXContainerItemProxy;
			containerPortal = 2052A6B927CD65410060ECFB /* Project object */;
			proxyType = 1;
			remoteGlobalIDString = 2052A6C027CD65410060ECFB;
			remoteInfo = JogoDaVelha;
		};
/* End PBXContainerItemProxy section */

/* Begin PBXFileReference section */
		2052A6C127CD65410060ECFB /* JogoDaVelha.app */ = {isa = PBXFileReference; explicitFileType = wrapper.application; includeInIndex = 0; path = JogoDaVelha.app; sourceTree = BUILT_PRODUCTS_DIR; };
		2052A6C427CD65410060ECFB /* AppDelegate.swift */ = {isa = PBXFileReference; lastKnownFileType = sourcecode.swift; path = AppDelegate.swift; sourceTree = "<group>"; };
		2052A6C627CD65410060ECFB /* SceneDelegate.swift */ = {isa = PBXFileReference; lastKnownFileType = sourcecode.swift; path = SceneDelegate.swift; sourceTree = "<group>"; };
		2052A6C827CD65410060ECFB /* HomeViewController.swift */ = {isa = PBXFileReference; lastKnownFileType = sourcecode.swift; path = HomeViewController.swift; sourceTree = "<group>"; };
		2052A6CD27CD65420060ECFB /* Assets.xcassets */ = {isa = PBXFileReference; lastKnownFileType = folder.assetcatalog; path = Assets.xcassets; sourceTree = "<group>"; };
		2052A6D027CD65420060ECFB /* Base */ = {isa = PBXFileReference; lastKnownFileType = file.storyboard; name = Base; path = Base.lproj/LaunchScreen.storyboard; sourceTree = "<group>"; };
		2052A6D227CD65420060ECFB /* Info.plist */ = {isa = PBXFileReference; lastKnownFileType = text.plist.xml; path = Info.plist; sourceTree = "<group>"; };
		2052A6D727CD65420060ECFB /* JogoDaVelhaTests.xctest */ = {isa = PBXFileReference; explicitFileType = wrapper.cfbundle; includeInIndex = 0; path = JogoDaVelhaTests.xctest; sourceTree = BUILT_PRODUCTS_DIR; };
		2052A6DB27CD65420060ECFB /* JogoDaVelhaTests.swift */ = {isa = PBXFileReference; lastKnownFileType = sourcecode.swift; path = JogoDaVelhaTests.swift; sourceTree = "<group>"; };
		2052A6E127CD65420060ECFB /* JogoDaVelhaUITests.xctest */ = {isa = PBXFileReference; explicitFileType = wrapper.cfbundle; includeInIndex = 0; path = JogoDaVelhaUITests.xctest; sourceTree = BUILT_PRODUCTS_DIR; };
		2052A6E527CD65420060ECFB /* JogoDaVelhaUITests.swift */ = {isa = PBXFileReference; lastKnownFileType = sourcecode.swift; path = JogoDaVelhaUITests.swift; sourceTree = "<group>"; };
		2052A6E727CD65420060ECFB /* JogoDaVelhaUITestsLaunchTests.swift */ = {isa = PBXFileReference; lastKnownFileType = sourcecode.swift; path = JogoDaVelhaUITestsLaunchTests.swift; sourceTree = "<group>"; };
		2052A6F527CD66FD0060ECFB /* Model.swift */ = {isa = PBXFileReference; lastKnownFileType = sourcecode.swift; path = Model.swift; sourceTree = "<group>"; };
		20D062BE27CED0BB008FED02 /* ModelOrientado.swift */ = {isa = PBXFileReference; lastKnownFileType = sourcecode.swift; path = ModelOrientado.swift; sourceTree = "<group>"; };
/* End PBXFileReference section */

/* Begin PBXFrameworksBuildPhase section */
		2052A6BE27CD65410060ECFB /* Frameworks */ = {
			isa = PBXFrameworksBuildPhase;
			buildActionMask = 2147483647;
			files = (
			);
			runOnlyForDeploymentPostprocessing = 0;
		};
		2052A6D427CD65420060ECFB /* Frameworks */ = {
			isa = PBXFrameworksBuildPhase;
			buildActionMask = 2147483647;
			files = (
			);
			runOnlyForDeploymentPostprocessing = 0;
		};
		2052A6DE27CD65420060ECFB /* Frameworks */ = {
			isa = PBXFrameworksBuildPhase;
			buildActionMask = 2147483647;
			files = (
			);
			runOnlyForDeploymentPostprocessing = 0;
		};
/* End PBXFrameworksBuildPhase section */

/* Begin PBXGroup section */
		2052A6B827CD65410060ECFB = {
			isa = PBXGroup;
			children = (
				2052A6C327CD65410060ECFB /* JogoDaVelha */,
				2052A6DA27CD65420060ECFB /* JogoDaVelhaTests */,
				2052A6E427CD65420060ECFB /* JogoDaVelhaUITests */,
				2052A6C227CD65410060ECFB /* Products */,
			);
			sourceTree = "<group>";
		};
		2052A6C227CD65410060ECFB /* Products */ = {
			isa = PBXGroup;
			children = (
				2052A6C127CD65410060ECFB /* JogoDaVelha.app */,
				2052A6D727CD65420060ECFB /* JogoDaVelhaTests.xctest */,
				2052A6E127CD65420060ECFB /* JogoDaVelhaUITests.xctest */,
			);
			name = Products;
			sourceTree = "<group>";
		};
		2052A6C327CD65410060ECFB /* JogoDaVelha */ = {
			isa = PBXGroup;
			children = (
				2052A6F427CD66CC0060ECFB /* Model */,
				2052A6C427CD65410060ECFB /* AppDelegate.swift */,
				2052A6C627CD65410060ECFB /* SceneDelegate.swift */,
				2052A6C827CD65410060ECFB /* HomeViewController.swift */,
				2052A6CD27CD65420060ECFB /* Assets.xcassets */,
				2052A6CF27CD65420060ECFB /* LaunchScreen.storyboard */,
				2052A6D227CD65420060ECFB /* Info.plist */,
			);
			path = JogoDaVelha;
			sourceTree = "<group>";
		};
		2052A6DA27CD65420060ECFB /* JogoDaVelhaTests */ = {
			isa = PBXGroup;
			children = (
				2052A6DB27CD65420060ECFB /* JogoDaVelhaTests.swift */,
			);
			path = JogoDaVelhaTests;
			sourceTree = "<group>";
		};
		2052A6E427CD65420060ECFB /* JogoDaVelhaUITests */ = {
			isa = PBXGroup;
			children = (
				2052A6E527CD65420060ECFB /* JogoDaVelhaUITests.swift */,
				2052A6E727CD65420060ECFB /* JogoDaVelhaUITestsLaunchTests.swift */,
			);
			path = JogoDaVelhaUITests;
			sourceTree = "<group>";
		};
		2052A6F427CD66CC0060ECFB /* Model */ = {
			isa = PBXGroup;
			children = (
				2052A6F527CD66FD0060ECFB /* Model.swift */,
				20D062BE27CED0BB008FED02 /* ModelOrientado.swift */,
			);
			path = Model;
			sourceTree = "<group>";
		};
/* End PBXGroup section */

/* Begin PBXNativeTarget section */
		2052A6C027CD65410060ECFB /* JogoDaVelha */ = {
			isa = PBXNativeTarget;
			buildConfigurationList = 2052A6EB27CD65420060ECFB /* Build configuration list for PBXNativeTarget "JogoDaVelha" */;
			buildPhases = (
				2052A6BD27CD65410060ECFB /* Sources */,
				2052A6BE27CD65410060ECFB /* Frameworks */,
				2052A6BF27CD65410060ECFB /* Resources */,
			);
			buildRules = (
			);
			dependencies = (
			);
			name = JogoDaVelha;
			productName = JogoDaVelha;
			productReference = 2052A6C127CD65410060ECFB /* JogoDaVelha.app */;
			productType = "com.apple.product-type.application";
		};
		2052A6D627CD65420060ECFB /* JogoDaVelhaTests */ = {
			isa = PBXNativeTarget;
			buildConfigurationList = 2052A6EE27CD65420060ECFB /* Build configuration list for PBXNativeTarget "JogoDaVelhaTests" */;
			buildPhases = (
				2052A6D327CD65420060ECFB /* Sources */,
				2052A6D427CD65420060ECFB /* Frameworks */,
				2052A6D527CD65420060ECFB /* Resources */,
			);
			buildRules = (
			);
			dependencies = (
				2052A6D927CD65420060ECFB /* PBXTargetDependency */,
			);
			name = JogoDaVelhaTests;
			productName = JogoDaVelhaTests;
			productReference = 2052A6D727CD65420060ECFB /* JogoDaVelhaTests.xctest */;
			productType = "com.apple.product-type.bundle.unit-test";
		};
		2052A6E027CD65420060ECFB /* JogoDaVelhaUITests */ = {
			isa = PBXNativeTarget;
			buildConfigurationList = 2052A6F127CD65420060ECFB /* Build configuration list for PBXNativeTarget "JogoDaVelhaUITests" */;
			buildPhases = (
				2052A6DD27CD65420060ECFB /* Sources */,
				2052A6DE27CD65420060ECFB /* Frameworks */,
				2052A6DF27CD65420060ECFB /* Resources */,
			);
			buildRules = (
			);
			dependencies = (
				2052A6E327CD65420060ECFB /* PBXTargetDependency */,
			);
			name = JogoDaVelhaUITests;
			productName = JogoDaVelhaUITests;
			productReference = 2052A6E127CD65420060ECFB /* JogoDaVelhaUITests.xctest */;
			productType = "com.apple.product-type.bundle.ui-testing";
		};
/* End PBXNativeTarget section */

/* Begin PBXProject section */
		2052A6B927CD65410060ECFB /* Project object */ = {
			isa = PBXProject;
			attributes = {
				BuildIndependentTargetsInParallel = 1;
				LastSwiftUpdateCheck = 1320;
				LastUpgradeCheck = 1320;
				TargetAttributes = {
					2052A6C027CD65410060ECFB = {
						CreatedOnToolsVersion = 13.2.1;
					};
					2052A6D627CD65420060ECFB = {
						CreatedOnToolsVersion = 13.2.1;
						TestTargetID = 2052A6C027CD65410060ECFB;
					};
					2052A6E027CD65420060ECFB = {
						CreatedOnToolsVersion = 13.2.1;
						TestTargetID = 2052A6C027CD65410060ECFB;
					};
				};
			};
			buildConfigurationList = 2052A6BC27CD65410060ECFB /* Build configuration list for PBXProject "JogoDaVelha" */;
			compatibilityVersion = "Xcode 13.0";
			developmentRegion = en;
			hasScannedForEncodings = 0;
			knownRegions = (
				en,
				Base,
			);
			mainGroup = 2052A6B827CD65410060ECFB;
			productRefGroup = 2052A6C227CD65410060ECFB /* Products */;
			projectDirPath = "";
			projectRoot = "";
			targets = (
				2052A6C027CD65410060ECFB /* JogoDaVelha */,
				2052A6D627CD65420060ECFB /* JogoDaVelhaTests */,
				2052A6E027CD65420060ECFB /* JogoDaVelhaUITests */,
			);
		};
/* End PBXProject section */

/* Begin PBXResourcesBuildPhase section */
		2052A6BF27CD65410060ECFB /* Resources */ = {
			isa = PBXResourcesBuildPhase;
			buildActionMask = 2147483647;
			files = (
				2052A6D127CD65420060ECFB /* LaunchScreen.storyboard in Resources */,
				2052A6CE27CD65420060ECFB /* Assets.xcassets in Resources */,
			);
			runOnlyForDeploymentPostprocessing = 0;
		};
		2052A6D527CD65420060ECFB /* Resources */ = {
			isa = PBXResourcesBuildPhase;
			buildActionMask = 2147483647;
			files = (
			);
			runOnlyForDeploymentPostprocessing = 0;
		};
		2052A6DF27CD65420060ECFB /* Resources */ = {
			isa = PBXResourcesBuildPhase;
			buildActionMask = 2147483647;
			files = (
			);
			runOnlyForDeploymentPostprocessing = 0;
		};
/* End PBXResourcesBuildPhase section */

/* Begin PBXSourcesBuildPhase section */
		2052A6BD27CD65410060ECFB /* Sources */ = {
			isa = PBXSourcesBuildPhase;
			buildActionMask = 2147483647;
			files = (
				2052A6C927CD65410060ECFB /* HomeViewController.swift in Sources */,
				2052A6C527CD65410060ECFB /* AppDelegate.swift in Sources */,
				2052A6C727CD65410060ECFB /* SceneDelegate.swift in Sources */,
				20D062BF27CED0BB008FED02 /* ModelOrientado.swift in Sources */,
				2052A6F627CD66FD0060ECFB /* Model.swift in Sources */,
			);
			runOnlyForDeploymentPostprocessing = 0;
		};
		2052A6D327CD65420060ECFB /* Sources */ = {
			isa = PBXSourcesBuildPhase;
			buildActionMask = 2147483647;
			files = (
				2052A6DC27CD65420060ECFB /* JogoDaVelhaTests.swift in Sources */,
			);
			runOnlyForDeploymentPostprocessing = 0;
		};
		2052A6DD27CD65420060ECFB /* Sources */ = {
			isa = PBXSourcesBuildPhase;
			buildActionMask = 2147483647;
			files = (
				2052A6E627CD65420060ECFB /* JogoDaVelhaUITests.swift in Sources */,
				2052A6E827CD65420060ECFB /* JogoDaVelhaUITestsLaunchTests.swift in Sources */,
			);
			runOnlyForDeploymentPostprocessing = 0;
		};
/* End PBXSourcesBuildPhase section */

/* Begin PBXTargetDependency section */
		2052A6D927CD65420060ECFB /* PBXTargetDependency */ = {
			isa = PBXTargetDependency;
			target = 2052A6C027CD65410060ECFB /* JogoDaVelha */;
			targetProxy = 2052A6D827CD65420060ECFB /* PBXContainerItemProxy */;
		};
		2052A6E327CD65420060ECFB /* PBXTargetDependency */ = {
			isa = PBXTargetDependency;
			target = 2052A6C027CD65410060ECFB /* JogoDaVelha */;
			targetProxy = 2052A6E227CD65420060ECFB /* PBXContainerItemProxy */;
		};
/* End PBXTargetDependency section */

/* Begin PBXVariantGroup section */
		2052A6CF27CD65420060ECFB /* LaunchScreen.storyboard */ = {
			isa = PBXVariantGroup;
			children = (
				2052A6D027CD65420060ECFB /* Base */,
			);
			name = LaunchScreen.storyboard;
			sourceTree = "<group>";
		};
/* End PBXVariantGroup section */

/* Begin XCBuildConfiguration section */
		2052A6E927CD65420060ECFB /* Debug */ = {
			isa = XCBuildConfiguration;
			buildSettings = {
				ALWAYS_SEARCH_USER_PATHS = NO;
				CLANG_ANALYZER_NONNULL = YES;
				CLANG_ANALYZER_NUMBER_OBJECT_CONVERSION = YES_AGGRESSIVE;
				CLANG_CXX_LANGUAGE_STANDARD = "gnu++17";
				CLANG_CXX_LIBRARY = "libc++";
				CLANG_ENABLE_MODULES = YES;
				CLANG_ENABLE_OBJC_ARC = YES;
				CLANG_ENABLE_OBJC_WEAK = YES;
				CLANG_WARN_BLOCK_CAPTURE_AUTORELEASING = YES;
				CLANG_WARN_BOOL_CONVERSION = YES;
				CLANG_WARN_COMMA = YES;
				CLANG_WARN_CONSTANT_CONVERSION = YES;
				CLANG_WARN_DEPRECATED_OBJC_IMPLEMENTATIONS = YES;
				CLANG_WARN_DIRECT_OBJC_ISA_USAGE = YES_ERROR;
				CLANG_WARN_DOCUMENTATION_COMMENTS = YES;
				CLANG_WARN_EMPTY_BODY = YES;
				CLANG_WARN_ENUM_CONVERSION = YES;
				CLANG_WARN_INFINITE_RECURSION = YES;
				CLANG_WARN_INT_CONVERSION = YES;
				CLANG_WARN_NON_LITERAL_NULL_CONVERSION = YES;
				CLANG_WARN_OBJC_IMPLICIT_RETAIN_SELF = YES;
				CLANG_WARN_OBJC_LITERAL_CONVERSION = YES;
				CLANG_WARN_OBJC_ROOT_CLASS = YES_ERROR;
				CLANG_WARN_QUOTED_INCLUDE_IN_FRAMEWORK_HEADER = YES;
				CLANG_WARN_RANGE_LOOP_ANALYSIS = YES;
				CLANG_WARN_STRICT_PROTOTYPES = YES;
				CLANG_WARN_SUSPICIOUS_MOVE = YES;
				CLANG_WARN_UNGUARDED_AVAILABILITY = YES_AGGRESSIVE;
				CLANG_WARN_UNREACHABLE_CODE = YES;
				CLANG_WARN__DUPLICATE_METHOD_MATCH = YES;
				COPY_PHASE_STRIP = NO;
				DEBUG_INFORMATION_FORMAT = dwarf;
				ENABLE_STRICT_OBJC_MSGSEND = YES;
				ENABLE_TESTABILITY = YES;
				GCC_C_LANGUAGE_STANDARD = gnu11;
				GCC_DYNAMIC_NO_PIC = NO;
				GCC_NO_COMMON_BLOCKS = YES;
				GCC_OPTIMIZATION_LEVEL = 0;
				GCC_PREPROCESSOR_DEFINITIONS = (
					"DEBUG=1",
					"$(inherited)",
				);
				GCC_WARN_64_TO_32_BIT_CONVERSION = YES;
				GCC_WARN_ABOUT_RETURN_TYPE = YES_ERROR;
				GCC_WARN_UNDECLARED_SELECTOR = YES;
				GCC_WARN_UNINITIALIZED_AUTOS = YES_AGGRESSIVE;
				GCC_WARN_UNUSED_FUNCTION = YES;
				GCC_WARN_UNUSED_VARIABLE = YES;
				IPHONEOS_DEPLOYMENT_TARGET = 15.2;
				MTL_ENABLE_DEBUG_INFO = INCLUDE_SOURCE;
				MTL_FAST_MATH = YES;
				ONLY_ACTIVE_ARCH = YES;
				SDKROOT = iphoneos;
				SWIFT_ACTIVE_COMPILATION_CONDITIONS = DEBUG;
				SWIFT_OPTIMIZATION_LEVEL = "-Onone";
			};
			name = Debug;
		};
		2052A6EA27CD65420060ECFB /* Release */ = {
			isa = XCBuildConfiguration;
			buildSettings = {
				ALWAYS_SEARCH_USER_PATHS = NO;
				CLANG_ANALYZER_NONNULL = YES;
				CLANG_ANALYZER_NUMBER_OBJECT_CONVERSION = YES_AGGRESSIVE;
				CLANG_CXX_LANGUAGE_STANDARD = "gnu++17";
				CLANG_CXX_LIBRARY = "libc++";
				CLANG_ENABLE_MODULES = YES;
				CLANG_ENABLE_OBJC_ARC = YES;
				CLANG_ENABLE_OBJC_WEAK = YES;
				CLANG_WARN_BLOCK_CAPTURE_AUTORELEASING = YES;
				CLANG_WARN_BOOL_CONVERSION = YES;
				CLANG_WARN_COMMA = YES;
				CLANG_WARN_CONSTANT_CONVERSION = YES;
				CLANG_WARN_DEPRECATED_OBJC_IMPLEMENTATIONS = YES;
				CLANG_WARN_DIRECT_OBJC_ISA_USAGE = YES_ERROR;
				CLANG_WARN_DOCUMENTATION_COMMENTS = YES;
				CLANG_WARN_EMPTY_BODY = YES;
				CLANG_WARN_ENUM_CONVERSION = YES;
				CLANG_WARN_INFINITE_RECURSION = YES;
				CLANG_WARN_INT_CONVERSION = YES;
				CLANG_WARN_NON_LITERAL_NULL_CONVERSION = YES;
				CLANG_WARN_OBJC_IMPLICIT_RETAIN_SELF = YES;
				CLANG_WARN_OBJC_LITERAL_CONVERSION = YES;
				CLANG_WARN_OBJC_ROOT_CLASS = YES_ERROR;
				CLANG_WARN_QUOTED_INCLUDE_IN_FRAMEWORK_HEADER = YES;
				CLANG_WARN_RANGE_LOOP_ANALYSIS = YES;
				CLANG_WARN_STRICT_PROTOTYPES = YES;
				CLANG_WARN_SUSPICIOUS_MOVE = YES;
				CLANG_WARN_UNGUARDED_AVAILABILITY = YES_AGGRESSIVE;
				CLANG_WARN_UNREACHABLE_CODE = YES;
				CLANG_WARN__DUPLICATE_METHOD_MATCH = YES;
				COPY_PHASE_STRIP = NO;
				DEBUG_INFORMATION_FORMAT = "dwarf-with-dsym";
				ENABLE_NS_ASSERTIONS = NO;
				ENABLE_STRICT_OBJC_MSGSEND = YES;
				GCC_C_LANGUAGE_STANDARD = gnu11;
				GCC_NO_COMMON_BLOCKS = YES;
				GCC_WARN_64_TO_32_BIT_CONVERSION = YES;
				GCC_WARN_ABOUT_RETURN_TYPE = YES_ERROR;
				GCC_WARN_UNDECLARED_SELECTOR = YES;
				GCC_WARN_UNINITIALIZED_AUTOS = YES_AGGRESSIVE;
				GCC_WARN_UNUSED_FUNCTION = YES;
				GCC_WARN_UNUSED_VARIABLE = YES;
				IPHONEOS_DEPLOYMENT_TARGET = 15.2;
				MTL_ENABLE_DEBUG_INFO = NO;
				MTL_FAST_MATH = YES;
				SDKROOT = iphoneos;
				SWIFT_COMPILATION_MODE = wholemodule;
				SWIFT_OPTIMIZATION_LEVEL = "-O";
				VALIDATE_PRODUCT = YES;
			};
			name = Release;
		};
		2052A6EC27CD65420060ECFB /* Debug */ = {
			isa = XCBuildConfiguration;
			buildSettings = {
				ASSETCATALOG_COMPILER_APPICON_NAME = AppIcon;
				ASSETCATALOG_COMPILER_GLOBAL_ACCENT_COLOR_NAME = AccentColor;
				CODE_SIGN_STYLE = Automatic;
				CURRENT_PROJECT_VERSION = 1;
				DEVELOPMENT_TEAM = 8A39M3T9CZ;
				GENERATE_INFOPLIST_FILE = YES;
				INFOPLIST_FILE = JogoDaVelha/Info.plist;
				INFOPLIST_KEY_UIApplicationSupportsIndirectInputEvents = YES;
				INFOPLIST_KEY_UILaunchStoryboardName = LaunchScreen;
				INFOPLIST_KEY_UISupportedInterfaceOrientations_iPad = "UIInterfaceOrientationPortrait UIInterfaceOrientationPortraitUpsideDown UIInterfaceOrientationLandscapeLeft UIInterfaceOrientationLandscapeRight";
				INFOPLIST_KEY_UISupportedInterfaceOrientations_iPhone = "UIInterfaceOrientationPortrait UIInterfaceOrientationLandscapeLeft UIInterfaceOrientationLandscapeRight";
				LD_RUNPATH_SEARCH_PATHS = (
					"$(inherited)",
					"@executable_path/Frameworks",
				);
				MARKETING_VERSION = 1.0;
				PRODUCT_BUNDLE_IDENTIFIER = com.yagoaugusto.JogoDaVelha;
				PRODUCT_NAME = "$(TARGET_NAME)";
				SWIFT_EMIT_LOC_STRINGS = YES;
				SWIFT_VERSION = 5.0;
				TARGETED_DEVICE_FAMILY = "1,2";
			};
			name = Debug;
		};
		2052A6ED27CD65420060ECFB /* Release */ = {
			isa = XCBuildConfiguration;
			buildSettings = {
				ASSETCATALOG_COMPILER_APPICON_NAME = AppIcon;
				ASSETCATALOG_COMPILER_GLOBAL_ACCENT_COLOR_NAME = AccentColor;
				CODE_SIGN_STYLE = Automatic;
				CURRENT_PROJECT_VERSION = 1;
				DEVELOPMENT_TEAM = 8A39M3T9CZ;
				GENERATE_INFOPLIST_FILE = YES;
				INFOPLIST_FILE = JogoDaVelha/Info.plist;
				INFOPLIST_KEY_UIApplicationSupportsIndirectInputEvents = YES;
				INFOPLIST_KEY_UILaunchStoryboardName = LaunchScreen;
				INFOPLIST_KEY_UISupportedInterfaceOrientations_iPad = "UIInterfaceOrientationPortrait UIInterfaceOrientationPortraitUpsideDown UIInterfaceOrientationLandscapeLeft UIInterfaceOrientationLandscapeRight";
				INFOPLIST_KEY_UISupportedInterfaceOrientations_iPhone = "UIInterfaceOrientationPortrait UIInterfaceOrientationLandscapeLeft UIInterfaceOrientationLandscapeRight";
				LD_RUNPATH_SEARCH_PATHS = (
					"$(inherited)",
					"@executable_path/Frameworks",
				);
				MARKETING_VERSION = 1.0;
				PRODUCT_BUNDLE_IDENTIFIER = com.yagoaugusto.JogoDaVelha;
				PRODUCT_NAME = "$(TARGET_NAME)";
				SWIFT_EMIT_LOC_STRINGS = YES;
				SWIFT_VERSION = 5.0;
				TARGETED_DEVICE_FAMILY = "1,2";
			};
			name = Release;
		};
		2052A6EF27CD65420060ECFB /* Debug */ = {
			isa = XCBuildConfiguration;
			buildSettings = {
				ALWAYS_EMBED_SWIFT_STANDARD_LIBRARIES = YES;
				BUNDLE_LOADER = "$(TEST_HOST)";
				CODE_SIGN_STYLE = Automatic;
				CURRENT_PROJECT_VERSION = 1;
				DEVELOPMENT_TEAM = 8A39M3T9CZ;
				GENERATE_INFOPLIST_FILE = YES;
				IPHONEOS_DEPLOYMENT_TARGET = 15.2;
				MARKETING_VERSION = 1.0;
				PRODUCT_BUNDLE_IDENTIFIER = com.yagoaugusto.JogoDaVelhaTests;
				PRODUCT_NAME = "$(TARGET_NAME)";
				SWIFT_EMIT_LOC_STRINGS = NO;
				SWIFT_VERSION = 5.0;
				TARGETED_DEVICE_FAMILY = "1,2";
				TEST_HOST = "$(BUILT_PRODUCTS_DIR)/JogoDaVelha.app/JogoDaVelha";
			};
			name = Debug;
		};
		2052A6F027CD65420060ECFB /* Release */ = {
			isa = XCBuildConfiguration;
			buildSettings = {
				ALWAYS_EMBED_SWIFT_STANDARD_LIBRARIES = YES;
				BUNDLE_LOADER = "$(TEST_HOST)";
				CODE_SIGN_STYLE = Automatic;
				CURRENT_PROJECT_VERSION = 1;
				DEVELOPMENT_TEAM = 8A39M3T9CZ;
				GENERATE_INFOPLIST_FILE = YES;
				IPHONEOS_DEPLOYMENT_TARGET = 15.2;
				MARKETING_VERSION = 1.0;
				PRODUCT_BUNDLE_IDENTIFIER = com.yagoaugusto.JogoDaVelhaTests;
				PRODUCT_NAME = "$(TARGET_NAME)";
				SWIFT_EMIT_LOC_STRINGS = NO;
				SWIFT_VERSION = 5.0;
				TARGETED_DEVICE_FAMILY = "1,2";
				TEST_HOST = "$(BUILT_PRODUCTS_DIR)/JogoDaVelha.app/JogoDaVelha";
			};
			name = Release;
		};
		2052A6F227CD65420060ECFB /* Debug */ = {
			isa = XCBuildConfiguration;
			buildSettings = {
				ALWAYS_EMBED_SWIFT_STANDARD_LIBRARIES = YES;
				CODE_SIGN_STYLE = Automatic;
				CURRENT_PROJECT_VERSION = 1;
				DEVELOPMENT_TEAM = 8A39M3T9CZ;
				GENERATE_INFOPLIST_FILE = YES;
				MARKETING_VERSION = 1.0;
				PRODUCT_BUNDLE_IDENTIFIER = com.yagoaugusto.JogoDaVelhaUITests;
				PRODUCT_NAME = "$(TARGET_NAME)";
				SWIFT_EMIT_LOC_STRINGS = NO;
				SWIFT_VERSION = 5.0;
				TARGETED_DEVICE_FAMILY = "1,2";
				TEST_TARGET_NAME = JogoDaVelha;
			};
			name = Debug;
		};
		2052A6F327CD65420060ECFB /* Release */ = {
			isa = XCBuildConfiguration;
			buildSettings = {
				ALWAYS_EMBED_SWIFT_STANDARD_LIBRARIES = YES;
				CODE_SIGN_STYLE = Automatic;
				CURRENT_PROJECT_VERSION = 1;
				DEVELOPMENT_TEAM = 8A39M3T9CZ;
				GENERATE_INFOPLIST_FILE = YES;
				MARKETING_VERSION = 1.0;
				PRODUCT_BUNDLE_IDENTIFIER = com.yagoaugusto.JogoDaVelhaUITests;
				PRODUCT_NAME = "$(TARGET_NAME)";
				SWIFT_EMIT_LOC_STRINGS = NO;
				SWIFT_VERSION = 5.0;
				TARGETED_DEVICE_FAMILY = "1,2";
				TEST_TARGET_NAME = JogoDaVelha;
			};
			name = Release;
		};
/* End XCBuildConfiguration section */

/* Begin XCConfigurationList section */
		2052A6BC27CD65410060ECFB /* Build configuration list for PBXProject "JogoDaVelha" */ = {
			isa = XCConfigurationList;
			buildConfigurations = (
				2052A6E927CD65420060ECFB /* Debug */,
				2052A6EA27CD65420060ECFB /* Release */,
			);
			defaultConfigurationIsVisible = 0;
			defaultConfigurationName = Release;
		};
		2052A6EB27CD65420060ECFB /* Build configuration list for PBXNativeTarget "JogoDaVelha" */ = {
			isa = XCConfigurationList;
			buildConfigurations = (
				2052A6EC27CD65420060ECFB /* Debug */,
				2052A6ED27CD65420060ECFB /* Release */,
			);
			defaultConfigurationIsVisible = 0;
			defaultConfigurationName = Release;
		};
		2052A6EE27CD65420060ECFB /* Build configuration list for PBXNativeTarget "JogoDaVelhaTests" */ = {
			isa = XCConfigurationList;
			buildConfigurations = (
				2052A6EF27CD65420060ECFB /* Debug */,
				2052A6F027CD65420060ECFB /* Release */,
			);
			defaultConfigurationIsVisible = 0;
			defaultConfigurationName = Release;
		};
		2052A6F127CD65420060ECFB /* Build configuration list for PBXNativeTarget "JogoDaVelhaUITests" */ = {
			isa = XCConfigurationList;
			buildConfigurations = (
				2052A6F227CD65420060ECFB /* Debug */,
				2052A6F327CD65420060ECFB /* Release */,
			);
			defaultConfigurationIsVisible = 0;
			defaultConfigurationName = Release;
		};
/* End XCConfigurationList section */
	};
	rootObject = 2052A6B927CD65410060ECFB /* Project object */;
}
